
Microsoft Visual Studio Solution File, Format Version 12.00
# Visual Studio Version 17
VisualStudioVersion = 17.6.33815.320
MinimumVisualStudioVersion = 10.0.40219.1
Project("{9A19103F-16F7-4668-BE54-9A1E7A4F7556}") = "nio2so.TSOHTTPS", "TSOHTTPS\nio2so.TSOHTTPS.csproj", "{CB17B825-8A70-4F5F-A2AC-EED040925E1D}"
EndProject
Project("{9A19103F-16F7-4668-BE54-9A1E7A4F7556}") = "nio2so.TSOHTTPS.Protocol", "nio2so.TSOProtocol\nio2so.TSOHTTPS.Protocol.csproj", "{F1955FD1-F272-40BF-B960-7F5212FB26BC}"
EndProject
Project("{9A19103F-16F7-4668-BE54-9A1E7A4F7556}") = "nio2so.TSOTCP.Voltron.Server", "nio2so.TSOTCP.City\nio2so.TSOTCP.Voltron.Server.csproj", "{D601BDB2-5846-43FD-8117-917A51700603}"
EndProject
Project("{9A19103F-16F7-4668-BE54-9A1E7A4F7556}") = "nio2so.Formats", "nio2so.Formats\nio2so.Formats.csproj", "{544A5728-F382-499D-810B-A5BA7FE62643}"
EndProject
Project("{9A19103F-16F7-4668-BE54-9A1E7A4F7556}") = "nio2so.TSOView2", "nio2so.TSOView2\nio2so.TSOView2.csproj", "{FBA66FA8-C5BE-48CA-86BE-8290920DAFA6}"
EndProject
Project("{2150E333-8FDC-42A3-9474-1A3956D46DE8}") = "nio2so.Online", "nio2so.Online", "{6A46B55F-9570-4E15-B2B1-CF25CAE47F4A}"
EndProject
Project("{2150E333-8FDC-42A3-9474-1A3956D46DE8}") = "nio2so.TSOView", "nio2so.TSOView", "{51053E14-1A9D-42DF-B6D2-300565E59797}"
EndProject
Project("{2150E333-8FDC-42A3-9474-1A3956D46DE8}") = "nio2so.Data", "nio2so.Data", "{66AC1B39-99F4-44C0-8F10-4A1C23D777DD}"
EndProject
Project("{9A19103F-16F7-4668-BE54-9A1E7A4F7556}") = "nio2so.Data.Common", "nio2so.Data.Common\nio2so.Data.Common.csproj", "{25D905FD-4585-4BC3-8E4D-9AB354E79A6C}"
EndProject
Project("{FAE04EC0-301F-11D3-BF4B-00C04F79EFBC}") = "nio2so.Voltron.Core", "nio2so.TSOTCP.Voltron.Protocol\nio2so.Voltron.Core.csproj", "{B9A73912-A59A-48E0-963C-B9DD9AEE475C}"
EndProject
Project("{2150E333-8FDC-42A3-9474-1A3956D46DE8}") = "nio2so.DataService", "nio2so.DataService", "{02EA681E-C7D8-13C7-8484-4AC65E1B71E8}"
EndProject
Project("{FAE04EC0-301F-11D3-BF4B-00C04F79EFBC}") = "nio2so.DataService.Common", "nio2so.Database\nio2so.DataService.Common.csproj", "{F055475B-F13B-7A12-AC40-3AEB2404B5CD}"
EndProject
Project("{FAE04EC0-301F-11D3-BF4B-00C04F79EFBC}") = "nio2so.DataService.API", "nio2so.DataService.API\nio2so.DataService.API.csproj", "{E4829665-F5AD-4D79-AC04-B3D369EB828E}"
EndProject
Project("{FAE04EC0-301F-11D3-BF4B-00C04F79EFBC}") = "TCPQuaZar", "..\TCPQuaZar\TCPQuaZar.csproj", "{F9231504-5183-42CA-004E-B5A151839467}"
EndProject
Project("{FAE04EC0-301F-11D3-BF4B-00C04F79EFBC}") = "ManagedOpenSsl", "C:\Users\xXJDr\source\repos\JDrocks450\tcpquazar.openssldotnet\ManagedOpenSsl\ManagedOpenSsl.csproj", "{73DCC218-655B-485F-8EAC-0CE5F2F7343D}"
EndProject
Project("{2150E333-8FDC-42A3-9474-1A3956D46DE8}") = "nio2so.Protocol", "nio2so.Protocol", "{D8EEF804-6E81-4543-B0E7-99D7DDD64944}"
EndProject
Project("{FAE04EC0-301F-11D3-BF4B-00C04F79EFBC}") = "nio2so.Voltron.PreAlpha.Protocol", "nio2so.Voltron.PreAlpha.Protocol\nio2so.Voltron.PreAlpha.Protocol.csproj", "{CA53E3C2-FD31-4F80-B61E-BE7430D045A6}"
EndProject
Global
	GlobalSection(SolutionConfigurationPlatforms) = preSolution
		Debug|Any CPU = Debug|Any CPU
		Debug|x86 = Debug|x86
		Release|Any CPU = Release|Any CPU
		Release|x86 = Release|x86
	EndGlobalSection
	GlobalSection(ProjectConfigurationPlatforms) = postSolution
		{CB17B825-8A70-4F5F-A2AC-EED040925E1D}.Debug|Any CPU.ActiveCfg = Debug|Any CPU
		{CB17B825-8A70-4F5F-A2AC-EED040925E1D}.Debug|Any CPU.Build.0 = Debug|Any CPU
		{CB17B825-8A70-4F5F-A2AC-EED040925E1D}.Debug|x86.ActiveCfg = Debug|x86
		{CB17B825-8A70-4F5F-A2AC-EED040925E1D}.Debug|x86.Build.0 = Debug|x86
		{CB17B825-8A70-4F5F-A2AC-EED040925E1D}.Release|Any CPU.ActiveCfg = Release|Any CPU
		{CB17B825-8A70-4F5F-A2AC-EED040925E1D}.Release|Any CPU.Build.0 = Release|Any CPU
		{CB17B825-8A70-4F5F-A2AC-EED040925E1D}.Release|x86.ActiveCfg = Release|x86
		{CB17B825-8A70-4F5F-A2AC-EED040925E1D}.Release|x86.Build.0 = Release|x86
		{F1955FD1-F272-40BF-B960-7F5212FB26BC}.Debug|Any CPU.ActiveCfg = Debug|Any CPU
		{F1955FD1-F272-40BF-B960-7F5212FB26BC}.Debug|Any CPU.Build.0 = Debug|Any CPU
		{F1955FD1-F272-40BF-B960-7F5212FB26BC}.Debug|x86.ActiveCfg = Debug|x86
		{F1955FD1-F272-40BF-B960-7F5212FB26BC}.Debug|x86.Build.0 = Debug|x86
		{F1955FD1-F272-40BF-B960-7F5212FB26BC}.Release|Any CPU.ActiveCfg = Release|Any CPU
		{F1955FD1-F272-40BF-B960-7F5212FB26BC}.Release|Any CPU.Build.0 = Release|Any CPU
		{F1955FD1-F272-40BF-B960-7F5212FB26BC}.Release|x86.ActiveCfg = Release|x86
		{F1955FD1-F272-40BF-B960-7F5212FB26BC}.Release|x86.Build.0 = Release|x86
		{D601BDB2-5846-43FD-8117-917A51700603}.Debug|Any CPU.ActiveCfg = Debug|x86
		{D601BDB2-5846-43FD-8117-917A51700603}.Debug|Any CPU.Build.0 = Debug|x86
		{D601BDB2-5846-43FD-8117-917A51700603}.Debug|x86.ActiveCfg = Debug|x86
		{D601BDB2-5846-43FD-8117-917A51700603}.Debug|x86.Build.0 = Debug|x86
		{D601BDB2-5846-43FD-8117-917A51700603}.Release|Any CPU.ActiveCfg = Release|Any CPU
		{D601BDB2-5846-43FD-8117-917A51700603}.Release|Any CPU.Build.0 = Release|Any CPU
		{D601BDB2-5846-43FD-8117-917A51700603}.Release|x86.ActiveCfg = Release|x86
		{D601BDB2-5846-43FD-8117-917A51700603}.Release|x86.Build.0 = Release|x86
		{544A5728-F382-499D-810B-A5BA7FE62643}.Debug|Any CPU.ActiveCfg = Debug|Any CPU
		{544A5728-F382-499D-810B-A5BA7FE62643}.Debug|Any CPU.Build.0 = Debug|Any CPU
		{544A5728-F382-499D-810B-A5BA7FE62643}.Debug|x86.ActiveCfg = Debug|x86
		{544A5728-F382-499D-810B-A5BA7FE62643}.Debug|x86.Build.0 = Debug|x86
		{544A5728-F382-499D-810B-A5BA7FE62643}.Release|Any CPU.ActiveCfg = Release|Any CPU
		{544A5728-F382-499D-810B-A5BA7FE62643}.Release|Any CPU.Build.0 = Release|Any CPU
		{544A5728-F382-499D-810B-A5BA7FE62643}.Release|x86.ActiveCfg = Release|x86
		{544A5728-F382-499D-810B-A5BA7FE62643}.Release|x86.Build.0 = Release|x86
		{FBA66FA8-C5BE-48CA-86BE-8290920DAFA6}.Debug|Any CPU.ActiveCfg = Debug|x86
		{FBA66FA8-C5BE-48CA-86BE-8290920DAFA6}.Debug|Any CPU.Build.0 = Debug|x86
		{FBA66FA8-C5BE-48CA-86BE-8290920DAFA6}.Debug|x86.ActiveCfg = Debug|x86
		{FBA66FA8-C5BE-48CA-86BE-8290920DAFA6}.Debug|x86.Build.0 = Debug|x86
		{FBA66FA8-C5BE-48CA-86BE-8290920DAFA6}.Release|Any CPU.ActiveCfg = Release|Any CPU
		{FBA66FA8-C5BE-48CA-86BE-8290920DAFA6}.Release|Any CPU.Build.0 = Release|Any CPU
		{FBA66FA8-C5BE-48CA-86BE-8290920DAFA6}.Release|x86.ActiveCfg = Release|x86
		{FBA66FA8-C5BE-48CA-86BE-8290920DAFA6}.Release|x86.Build.0 = Release|x86
		{25D905FD-4585-4BC3-8E4D-9AB354E79A6C}.Debug|Any CPU.ActiveCfg = Debug|Any CPU
		{25D905FD-4585-4BC3-8E4D-9AB354E79A6C}.Debug|Any CPU.Build.0 = Debug|Any CPU
		{25D905FD-4585-4BC3-8E4D-9AB354E79A6C}.Debug|x86.ActiveCfg = Debug|x86
		{25D905FD-4585-4BC3-8E4D-9AB354E79A6C}.Debug|x86.Build.0 = Debug|x86
		{25D905FD-4585-4BC3-8E4D-9AB354E79A6C}.Release|Any CPU.ActiveCfg = Release|Any CPU
		{25D905FD-4585-4BC3-8E4D-9AB354E79A6C}.Release|Any CPU.Build.0 = Release|Any CPU
		{25D905FD-4585-4BC3-8E4D-9AB354E79A6C}.Release|x86.ActiveCfg = Release|x86
		{25D905FD-4585-4BC3-8E4D-9AB354E79A6C}.Release|x86.Build.0 = Release|x86
		{B9A73912-A59A-48E0-963C-B9DD9AEE475C}.Debug|Any CPU.ActiveCfg = Debug|x86
		{B9A73912-A59A-48E0-963C-B9DD9AEE475C}.Debug|Any CPU.Build.0 = Debug|x86
		{B9A73912-A59A-48E0-963C-B9DD9AEE475C}.Debug|x86.ActiveCfg = Debug|x86
		{B9A73912-A59A-48E0-963C-B9DD9AEE475C}.Debug|x86.Build.0 = Debug|x86
		{B9A73912-A59A-48E0-963C-B9DD9AEE475C}.Release|Any CPU.ActiveCfg = Release|Any CPU
		{B9A73912-A59A-48E0-963C-B9DD9AEE475C}.Release|Any CPU.Build.0 = Release|Any CPU
		{B9A73912-A59A-48E0-963C-B9DD9AEE475C}.Release|x86.ActiveCfg = Release|x86
		{B9A73912-A59A-48E0-963C-B9DD9AEE475C}.Release|x86.Build.0 = Release|x86
		{F055475B-F13B-7A12-AC40-3AEB2404B5CD}.Debug|Any CPU.ActiveCfg = Debug|Any CPU
		{F055475B-F13B-7A12-AC40-3AEB2404B5CD}.Debug|Any CPU.Build.0 = Debug|Any CPU
		{F055475B-F13B-7A12-AC40-3AEB2404B5CD}.Debug|x86.ActiveCfg = Debug|x86
		{F055475B-F13B-7A12-AC40-3AEB2404B5CD}.Debug|x86.Build.0 = Debug|x86
		{F055475B-F13B-7A12-AC40-3AEB2404B5CD}.Release|Any CPU.ActiveCfg = Release|Any CPU
		{F055475B-F13B-7A12-AC40-3AEB2404B5CD}.Release|Any CPU.Build.0 = Release|Any CPU
		{F055475B-F13B-7A12-AC40-3AEB2404B5CD}.Release|x86.ActiveCfg = Release|x86
		{F055475B-F13B-7A12-AC40-3AEB2404B5CD}.Release|x86.Build.0 = Release|x86
		{E4829665-F5AD-4D79-AC04-B3D369EB828E}.Debug|Any CPU.ActiveCfg = Debug|Any CPU
		{E4829665-F5AD-4D79-AC04-B3D369EB828E}.Debug|Any CPU.Build.0 = Debug|Any CPU
		{E4829665-F5AD-4D79-AC04-B3D369EB828E}.Debug|x86.ActiveCfg = Debug|x86
		{E4829665-F5AD-4D79-AC04-B3D369EB828E}.Debug|x86.Build.0 = Debug|x86
		{E4829665-F5AD-4D79-AC04-B3D369EB828E}.Release|Any CPU.ActiveCfg = Release|Any CPU
		{E4829665-F5AD-4D79-AC04-B3D369EB828E}.Release|Any CPU.Build.0 = Release|Any CPU
		{E4829665-F5AD-4D79-AC04-B3D369EB828E}.Release|x86.ActiveCfg = Release|x86
		{E4829665-F5AD-4D79-AC04-B3D369EB828E}.Release|x86.Build.0 = Release|x86
		{F9231504-5183-42CA-004E-B5A151839467}.Debug|Any CPU.ActiveCfg = Debug|x86
		{F9231504-5183-42CA-004E-B5A151839467}.Debug|Any CPU.Build.0 = Debug|x86
		{F9231504-5183-42CA-004E-B5A151839467}.Debug|x86.ActiveCfg = Debug|x86
		{F9231504-5183-42CA-004E-B5A151839467}.Debug|x86.Build.0 = Debug|x86
		{F9231504-5183-42CA-004E-B5A151839467}.Release|Any CPU.ActiveCfg = Release|Any CPU
		{F9231504-5183-42CA-004E-B5A151839467}.Release|Any CPU.Build.0 = Release|Any CPU
		{F9231504-5183-42CA-004E-B5A151839467}.Release|x86.ActiveCfg = Release|x86
		{F9231504-5183-42CA-004E-B5A151839467}.Release|x86.Build.0 = Release|x86
		{73DCC218-655B-485F-8EAC-0CE5F2F7343D}.Debug|Any CPU.ActiveCfg = Debug|x86
		{73DCC218-655B-485F-8EAC-0CE5F2F7343D}.Debug|Any CPU.Build.0 = Debug|x86
		{73DCC218-655B-485F-8EAC-0CE5F2F7343D}.Debug|x86.ActiveCfg = Debug|x86
		{73DCC218-655B-485F-8EAC-0CE5F2F7343D}.Debug|x86.Build.0 = Debug|x86
		{73DCC218-655B-485F-8EAC-0CE5F2F7343D}.Release|Any CPU.ActiveCfg = Release|Any CPU
		{73DCC218-655B-485F-8EAC-0CE5F2F7343D}.Release|Any CPU.Build.0 = Release|Any CPU
		{73DCC218-655B-485F-8EAC-0CE5F2F7343D}.Release|x86.ActiveCfg = Release|x86
		{73DCC218-655B-485F-8EAC-0CE5F2F7343D}.Release|x86.Build.0 = Release|x86
		{CA53E3C2-FD31-4F80-B61E-BE7430D045A6}.Debug|Any CPU.ActiveCfg = Debug|Any CPU
		{CA53E3C2-FD31-4F80-B61E-BE7430D045A6}.Debug|Any CPU.Build.0 = Debug|Any CPU
		{CA53E3C2-FD31-4F80-B61E-BE7430D045A6}.Debug|x86.ActiveCfg = Debug|Any CPU
		{CA53E3C2-FD31-4F80-B61E-BE7430D045A6}.Debug|x86.Build.0 = Debug|Any CPU
		{CA53E3C2-FD31-4F80-B61E-BE7430D045A6}.Release|Any CPU.ActiveCfg = Release|Any CPU
		{CA53E3C2-FD31-4F80-B61E-BE7430D045A6}.Release|Any CPU.Build.0 = Release|Any CPU
		{CA53E3C2-FD31-4F80-B61E-BE7430D045A6}.Release|x86.ActiveCfg = Release|Any CPU
		{CA53E3C2-FD31-4F80-B61E-BE7430D045A6}.Release|x86.Build.0 = Release|Any CPU
	EndGlobalSection
	GlobalSection(SolutionProperties) = preSolution
		HideSolutionNode = FALSE
	EndGlobalSection
	GlobalSection(NestedProjects) = preSolution
		{CB17B825-8A70-4F5F-A2AC-EED040925E1D} = {6A46B55F-9570-4E15-B2B1-CF25CAE47F4A}
		{F1955FD1-F272-40BF-B960-7F5212FB26BC} = {6A46B55F-9570-4E15-B2B1-CF25CAE47F4A}
		{D601BDB2-5846-43FD-8117-917A51700603} = {6A46B55F-9570-4E15-B2B1-CF25CAE47F4A}
		{544A5728-F382-499D-810B-A5BA7FE62643} = {66AC1B39-99F4-44C0-8F10-4A1C23D777DD}
		{FBA66FA8-C5BE-48CA-86BE-8290920DAFA6} = {51053E14-1A9D-42DF-B6D2-300565E59797}
		{25D905FD-4585-4BC3-8E4D-9AB354E79A6C} = {66AC1B39-99F4-44C0-8F10-4A1C23D777DD}
		{B9A73912-A59A-48E0-963C-B9DD9AEE475C} = {6A46B55F-9570-4E15-B2B1-CF25CAE47F4A}
		{F055475B-F13B-7A12-AC40-3AEB2404B5CD} = {02EA681E-C7D8-13C7-8484-4AC65E1B71E8}
		{E4829665-F5AD-4D79-AC04-B3D369EB828E} = {02EA681E-C7D8-13C7-8484-4AC65E1B71E8}
		{F9231504-5183-42CA-004E-B5A151839467} = {6A46B55F-9570-4E15-B2B1-CF25CAE47F4A}
		{73DCC218-655B-485F-8EAC-0CE5F2F7343D} = {6A46B55F-9570-4E15-B2B1-CF25CAE47F4A}
		{CA53E3C2-FD31-4F80-B61E-BE7430D045A6} = {D8EEF804-6E81-4543-B0E7-99D7DDD64944}
	EndGlobalSection
	GlobalSection(ExtensibilityGlobals) = postSolution
		SolutionGuid = {A551AD78-050D-47F1-A2E8-D17449A45C45}
	EndGlobalSection
EndGlobal
