
Microsoft Visual Studio Solution File, Format Version 12.00
# Visual Studio Version 17
VisualStudioVersion = 17.6.33815.320
MinimumVisualStudioVersion = 10.0.40219.1
Project("{9A19103F-16F7-4668-BE54-9A1E7A4F7556}") = "nio2so.TSOHTTPS", "TSOHTTPS\nio2so.TSOHTTPS.csproj", "{CB17B825-8A70-4F5F-A2AC-EED040925E1D}"
EndProject
Project("{9A19103F-16F7-4668-BE54-9A1E7A4F7556}") = "nio2so.TSOHTTP", "nio2so.TSOHTTP\nio2so.TSOHTTP.csproj", "{71596EAC-EF76-4349-861D-A94F0839E035}"
EndProject
Project("{9A19103F-16F7-4668-BE54-9A1E7A4F7556}") = "nio2so.TSOHTTPS.Protocol", "nio2so.TSOProtocol\nio2so.TSOHTTPS.Protocol.csproj", "{F1955FD1-F272-40BF-B960-7F5212FB26BC}"
EndProject
Project("{9A19103F-16F7-4668-BE54-9A1E7A4F7556}") = "nio2so.TSOTCP.City", "nio2so.TSOTCP.City\nio2so.TSOTCP.City.csproj", "{D601BDB2-5846-43FD-8117-917A51700603}"
EndProject
Project("{FAE04EC0-301F-11D3-BF4B-00C04F79EFBC}") = "TCPQuaZar", "..\TCPQuaZar\TCPQuaZar\TCPQuaZar.csproj", "{A9AC133D-39CF-4B43-A496-B45EBE6590FA}"
EndProject
Project("{9A19103F-16F7-4668-BE54-9A1E7A4F7556}") = "nio2so.Formats", "nio2so.Formats\nio2so.Formats.csproj", "{544A5728-F382-499D-810B-A5BA7FE62643}"
EndProject
Project("{9A19103F-16F7-4668-BE54-9A1E7A4F7556}") = "nio2so.TSOView2", "nio2so.TSOView2\nio2so.TSOView2.csproj", "{FBA66FA8-C5BE-48CA-86BE-8290920DAFA6}"
EndProject
Project("{2150E333-8FDC-42A3-9474-1A3956D46DE8}") = "nio2so.Online", "nio2so.Online", "{6A46B55F-9570-4E15-B2B1-CF25CAE47F4A}"
EndProject
Project("{2150E333-8FDC-42A3-9474-1A3956D46DE8}") = "nio2so.TSOView", "nio2so.TSOView", "{51053E14-1A9D-42DF-B6D2-300565E59797}"
EndProject
Project("{9A19103F-16F7-4668-BE54-9A1E7A4F7556}") = "nio2so.TSOView2.TSOWorld", "nio2so.TSOView2.TSOWorld\nio2so.TSOView2.TSOWorld.csproj", "{23EEB70A-5924-4A70-98D1-86D9B61AAA9A}"
EndProject
Project("{2150E333-8FDC-42A3-9474-1A3956D46DE8}") = "nio2so.Data", "nio2so.Data", "{66AC1B39-99F4-44C0-8F10-4A1C23D777DD}"
EndProject
Project("{9A19103F-16F7-4668-BE54-9A1E7A4F7556}") = "nio2so.Data.Common", "nio2so.Data.Common\nio2so.Data.Common.csproj", "{25D905FD-4585-4BC3-8E4D-9AB354E79A6C}"
EndProject
Project("{FAE04EC0-301F-11D3-BF4B-00C04F79EFBC}") = "nio2so.SimsLib", "nio2so.SimsLib\nio2so.SimsLib.csproj", "{900A8160-3788-48F5-B92C-CDED1133EE6F}"
EndProject
Project("{2150E333-8FDC-42A3-9474-1A3956D46DE8}") = "nio2so.Online.Debug", "nio2so.Online.Debug", "{2DFE9B84-042E-49D7-895B-D2472D3F7B5B}"
EndProject
Project("{9A19103F-16F7-4668-BE54-9A1E7A4F7556}") = "nio2so.TSOTCP.Debug.Frontend", "nio2so.TSOTCP.Debug.Frontend\nio2so.TSOTCP.Debug.Frontend.csproj", "{30E792E2-C22E-4732-87EE-ED3149DE4D46}"
EndProject
Global
	GlobalSection(SolutionConfigurationPlatforms) = preSolution
		Debug|Any CPU = Debug|Any CPU
		Release|Any CPU = Release|Any CPU
	EndGlobalSection
	GlobalSection(ProjectConfigurationPlatforms) = postSolution
		{CB17B825-8A70-4F5F-A2AC-EED040925E1D}.Debug|Any CPU.ActiveCfg = Debug|Any CPU
		{CB17B825-8A70-4F5F-A2AC-EED040925E1D}.Debug|Any CPU.Build.0 = Debug|Any CPU
		{CB17B825-8A70-4F5F-A2AC-EED040925E1D}.Release|Any CPU.ActiveCfg = Release|Any CPU
		{CB17B825-8A70-4F5F-A2AC-EED040925E1D}.Release|Any CPU.Build.0 = Release|Any CPU
		{71596EAC-EF76-4349-861D-A94F0839E035}.Debug|Any CPU.ActiveCfg = Debug|Any CPU
		{71596EAC-EF76-4349-861D-A94F0839E035}.Debug|Any CPU.Build.0 = Debug|Any CPU
		{71596EAC-EF76-4349-861D-A94F0839E035}.Release|Any CPU.ActiveCfg = Release|Any CPU
		{71596EAC-EF76-4349-861D-A94F0839E035}.Release|Any CPU.Build.0 = Release|Any CPU
		{F1955FD1-F272-40BF-B960-7F5212FB26BC}.Debug|Any CPU.ActiveCfg = Debug|Any CPU
		{F1955FD1-F272-40BF-B960-7F5212FB26BC}.Debug|Any CPU.Build.0 = Debug|Any CPU
		{F1955FD1-F272-40BF-B960-7F5212FB26BC}.Release|Any CPU.ActiveCfg = Release|Any CPU
		{F1955FD1-F272-40BF-B960-7F5212FB26BC}.Release|Any CPU.Build.0 = Release|Any CPU
		{D601BDB2-5846-43FD-8117-917A51700603}.Debug|Any CPU.ActiveCfg = Debug|Any CPU
		{D601BDB2-5846-43FD-8117-917A51700603}.Debug|Any CPU.Build.0 = Debug|Any CPU
		{D601BDB2-5846-43FD-8117-917A51700603}.Release|Any CPU.ActiveCfg = Release|Any CPU
		{D601BDB2-5846-43FD-8117-917A51700603}.Release|Any CPU.Build.0 = Release|Any CPU
		{A9AC133D-39CF-4B43-A496-B45EBE6590FA}.Debug|Any CPU.ActiveCfg = Debug|Any CPU
		{A9AC133D-39CF-4B43-A496-B45EBE6590FA}.Debug|Any CPU.Build.0 = Debug|Any CPU
		{A9AC133D-39CF-4B43-A496-B45EBE6590FA}.Release|Any CPU.ActiveCfg = Release|Any CPU
		{A9AC133D-39CF-4B43-A496-B45EBE6590FA}.Release|Any CPU.Build.0 = Release|Any CPU
		{544A5728-F382-499D-810B-A5BA7FE62643}.Debug|Any CPU.ActiveCfg = Debug|Any CPU
		{544A5728-F382-499D-810B-A5BA7FE62643}.Debug|Any CPU.Build.0 = Debug|Any CPU
		{544A5728-F382-499D-810B-A5BA7FE62643}.Release|Any CPU.ActiveCfg = Release|Any CPU
		{544A5728-F382-499D-810B-A5BA7FE62643}.Release|Any CPU.Build.0 = Release|Any CPU
		{FBA66FA8-C5BE-48CA-86BE-8290920DAFA6}.Debug|Any CPU.ActiveCfg = Debug|Any CPU
		{FBA66FA8-C5BE-48CA-86BE-8290920DAFA6}.Debug|Any CPU.Build.0 = Debug|Any CPU
		{FBA66FA8-C5BE-48CA-86BE-8290920DAFA6}.Release|Any CPU.ActiveCfg = Release|Any CPU
		{FBA66FA8-C5BE-48CA-86BE-8290920DAFA6}.Release|Any CPU.Build.0 = Release|Any CPU
		{23EEB70A-5924-4A70-98D1-86D9B61AAA9A}.Debug|Any CPU.ActiveCfg = Debug|Any CPU
		{23EEB70A-5924-4A70-98D1-86D9B61AAA9A}.Debug|Any CPU.Build.0 = Debug|Any CPU
		{23EEB70A-5924-4A70-98D1-86D9B61AAA9A}.Release|Any CPU.ActiveCfg = Release|Any CPU
		{23EEB70A-5924-4A70-98D1-86D9B61AAA9A}.Release|Any CPU.Build.0 = Release|Any CPU
		{25D905FD-4585-4BC3-8E4D-9AB354E79A6C}.Debug|Any CPU.ActiveCfg = Debug|Any CPU
		{25D905FD-4585-4BC3-8E4D-9AB354E79A6C}.Debug|Any CPU.Build.0 = Debug|Any CPU
		{25D905FD-4585-4BC3-8E4D-9AB354E79A6C}.Release|Any CPU.ActiveCfg = Release|Any CPU
		{25D905FD-4585-4BC3-8E4D-9AB354E79A6C}.Release|Any CPU.Build.0 = Release|Any CPU
		{900A8160-3788-48F5-B92C-CDED1133EE6F}.Debug|Any CPU.ActiveCfg = Debug|Any CPU
		{900A8160-3788-48F5-B92C-CDED1133EE6F}.Debug|Any CPU.Build.0 = Debug|Any CPU
		{900A8160-3788-48F5-B92C-CDED1133EE6F}.Release|Any CPU.ActiveCfg = Release|Any CPU
		{900A8160-3788-48F5-B92C-CDED1133EE6F}.Release|Any CPU.Build.0 = Release|Any CPU
		{30E792E2-C22E-4732-87EE-ED3149DE4D46}.Debug|Any CPU.ActiveCfg = Debug|Any CPU
		{30E792E2-C22E-4732-87EE-ED3149DE4D46}.Debug|Any CPU.Build.0 = Debug|Any CPU
		{30E792E2-C22E-4732-87EE-ED3149DE4D46}.Release|Any CPU.ActiveCfg = Release|Any CPU
		{30E792E2-C22E-4732-87EE-ED3149DE4D46}.Release|Any CPU.Build.0 = Release|Any CPU
	EndGlobalSection
	GlobalSection(SolutionProperties) = preSolution
		HideSolutionNode = FALSE
	EndGlobalSection
	GlobalSection(NestedProjects) = preSolution
		{CB17B825-8A70-4F5F-A2AC-EED040925E1D} = {6A46B55F-9570-4E15-B2B1-CF25CAE47F4A}
		{71596EAC-EF76-4349-861D-A94F0839E035} = {6A46B55F-9570-4E15-B2B1-CF25CAE47F4A}
		{F1955FD1-F272-40BF-B960-7F5212FB26BC} = {6A46B55F-9570-4E15-B2B1-CF25CAE47F4A}
		{D601BDB2-5846-43FD-8117-917A51700603} = {6A46B55F-9570-4E15-B2B1-CF25CAE47F4A}
		{A9AC133D-39CF-4B43-A496-B45EBE6590FA} = {6A46B55F-9570-4E15-B2B1-CF25CAE47F4A}
		{544A5728-F382-499D-810B-A5BA7FE62643} = {66AC1B39-99F4-44C0-8F10-4A1C23D777DD}
		{FBA66FA8-C5BE-48CA-86BE-8290920DAFA6} = {51053E14-1A9D-42DF-B6D2-300565E59797}
		{23EEB70A-5924-4A70-98D1-86D9B61AAA9A} = {51053E14-1A9D-42DF-B6D2-300565E59797}
		{25D905FD-4585-4BC3-8E4D-9AB354E79A6C} = {66AC1B39-99F4-44C0-8F10-4A1C23D777DD}
		{900A8160-3788-48F5-B92C-CDED1133EE6F} = {66AC1B39-99F4-44C0-8F10-4A1C23D777DD}
		{30E792E2-C22E-4732-87EE-ED3149DE4D46} = {2DFE9B84-042E-49D7-895B-D2472D3F7B5B}
	EndGlobalSection
	GlobalSection(ExtensibilityGlobals) = postSolution
		SolutionGuid = {A551AD78-050D-47F1-A2E8-D17449A45C45}
	EndGlobalSection
EndGlobal
